
Microsoft Visual Studio Solution File, Format Version 12.00
# Visual Studio Version 17
VisualStudioVersion = 17.14.36414.22 d17.14
MinimumVisualStudioVersion = 10.0.40219.1
Project("{FAE04EC0-301F-11D3-BF4B-00C04F79EFBC}") = "HelloWorld", "HelloWorld\HelloWorld.csproj", "{671CD740-2CED-48D2-B966-003C761AF145}"
EndProject
Project("{FAE04EC0-301F-11D3-BF4B-00C04F79EFBC}") = "HelloWorldTests", "HelloWorldTests\HelloWorldTests.csproj", "{AB9226EB-9331-4B2E-94F2-0E1BB18A611D}"
EndProject
Global
	GlobalSection(SolutionConfigurationPlatforms) = preSolution
		Debug|Any CPU = Debug|Any CPU
		Release|Any CPU = Release|Any CPU
	EndGlobalSection
	GlobalSection(ProjectConfigurationPlatforms) = postSolution
		{671CD740-2CED-48D2-B966-003C761AF145}.Debug|Any CPU.ActiveCfg = Debug|Any CPU
		{671CD740-2CED-48D2-B966-003C761AF145}.Debug|Any CPU.Build.0 = Debug|Any CPU
		{671CD740-2CED-48D2-B966-003C761AF145}.Release|Any CPU.ActiveCfg = Release|Any CPU
		{671CD740-2CED-48D2-B966-003C761AF145}.Release|Any CPU.Build.0 = Release|Any CPU
		{AB9226EB-9331-4B2E-94F2-0E1BB18A611D}.Debug|Any CPU.ActiveCfg = Debug|Any CPU
		{AB9226EB-9331-4B2E-94F2-0E1BB18A611D}.Debug|Any CPU.Build.0 = Debug|Any CPU
		{AB9226EB-9331-4B2E-94F2-0E1BB18A611D}.Release|Any CPU.ActiveCfg = Release|Any CPU
		{AB9226EB-9331-4B2E-94F2-0E1BB18A611D}.Release|Any CPU.Build.0 = Release|Any CPU
	EndGlobalSection
	GlobalSection(SolutionProperties) = preSolution
		HideSolutionNode = FALSE
	EndGlobalSection
	GlobalSection(ExtensibilityGlobals) = postSolution
		SolutionGuid = {57FC6790-F829-4960-8537-482E661F32FC}
	EndGlobalSection
EndGlobal
